
Microsoft Visual Studio Solution File, Format Version 12.00
# Visual Studio Version 16
VisualStudioVersion = 16.0.31613.86
MinimumVisualStudioVersion = 10.0.40219.1
Project("{F184B08F-C81C-45F6-A57F-5ABD9991F28F}") = "JoolServerApp", "JoolServerApp.vbproj", "{AAA37B5D-43A3-4288-A314-427C2C2A75A0}"
	ProjectSection(ProjectDependencies) = postProject
		{E375C917-3350-43A9-B121-34D7D7419EE1} = {E375C917-3350-43A9-B121-34D7D7419EE1}
		{18C6243B-795A-4FE6-B107-12B32AA860BF} = {18C6243B-795A-4FE6-B107-12B32AA860BF}
		{CBAC93E7-B36B-460C-8E33-92713075A3D7} = {CBAC93E7-B36B-460C-8E33-92713075A3D7}
	EndProjectSection
EndProject
Project("{F184B08F-C81C-45F6-A57F-5ABD9991F28F}") = "JoolServerDAL", "..\JoolServerDAL\JoolServerDAL.vbproj", "{E375C917-3350-43A9-B121-34D7D7419EE1}"
EndProject
Project("{F184B08F-C81C-45F6-A57F-5ABD9991F28F}") = "JoolServerBLL", "..\JoolServerBLL\JoolServerBLL.vbproj", "{18C6243B-795A-4FE6-B107-12B32AA860BF}"
EndProject
Project("{F184B08F-C81C-45F6-A57F-5ABD9991F28F}") = "JoolServerGUI", "..\JoolServerGUI\JoolServerGUI.vbproj", "{CBAC93E7-B36B-460C-8E33-92713075A3D7}"
EndProject
Global
	GlobalSection(SolutionConfigurationPlatforms) = preSolution
		Debug|Any CPU = Debug|Any CPU
		Release|Any CPU = Release|Any CPU
	EndGlobalSection
	GlobalSection(ProjectConfigurationPlatforms) = postSolution
		{AAA37B5D-43A3-4288-A314-427C2C2A75A0}.Debug|Any CPU.ActiveCfg = Debug|Any CPU
		{AAA37B5D-43A3-4288-A314-427C2C2A75A0}.Debug|Any CPU.Build.0 = Debug|Any CPU
		{AAA37B5D-43A3-4288-A314-427C2C2A75A0}.Release|Any CPU.ActiveCfg = Release|Any CPU
		{AAA37B5D-43A3-4288-A314-427C2C2A75A0}.Release|Any CPU.Build.0 = Release|Any CPU
		{E375C917-3350-43A9-B121-34D7D7419EE1}.Debug|Any CPU.ActiveCfg = Debug|Any CPU
		{E375C917-3350-43A9-B121-34D7D7419EE1}.Debug|Any CPU.Build.0 = Debug|Any CPU
		{E375C917-3350-43A9-B121-34D7D7419EE1}.Release|Any CPU.ActiveCfg = Release|Any CPU
		{E375C917-3350-43A9-B121-34D7D7419EE1}.Release|Any CPU.Build.0 = Release|Any CPU
		{18C6243B-795A-4FE6-B107-12B32AA860BF}.Debug|Any CPU.ActiveCfg = Debug|Any CPU
		{18C6243B-795A-4FE6-B107-12B32AA860BF}.Debug|Any CPU.Build.0 = Debug|Any CPU
		{18C6243B-795A-4FE6-B107-12B32AA860BF}.Release|Any CPU.ActiveCfg = Release|Any CPU
		{18C6243B-795A-4FE6-B107-12B32AA860BF}.Release|Any CPU.Build.0 = Release|Any CPU
		{CBAC93E7-B36B-460C-8E33-92713075A3D7}.Debug|Any CPU.ActiveCfg = Debug|Any CPU
		{CBAC93E7-B36B-460C-8E33-92713075A3D7}.Debug|Any CPU.Build.0 = Debug|Any CPU
		{CBAC93E7-B36B-460C-8E33-92713075A3D7}.Release|Any CPU.ActiveCfg = Release|Any CPU
		{CBAC93E7-B36B-460C-8E33-92713075A3D7}.Release|Any CPU.Build.0 = Release|Any CPU
	EndGlobalSection
	GlobalSection(SolutionProperties) = preSolution
		HideSolutionNode = FALSE
	EndGlobalSection
	GlobalSection(ExtensibilityGlobals) = postSolution
		SolutionGuid = {428BDC61-E726-4C1F-97B3-64AF06AF87BE}
	EndGlobalSection
EndGlobal
